// !$*UTF8*$!
{
	archiveVersion = 1;
	classes = {
	};
	objectVersion = 50;
	objects = {

/* Begin PBXBuildFile section */
		4DE1BAFD21E6587D00ABEB6D /* AppDelegate.swift in Sources */ = {isa = PBXBuildFile; fileRef = 4DE1BAFC21E6587D00ABEB6D /* AppDelegate.swift */; };
		4DE1BAFF21E6587D00ABEB6D /* ViewController.swift in Sources */ = {isa = PBXBuildFile; fileRef = 4DE1BAFE21E6587D00ABEB6D /* ViewController.swift */; };
		4DE1BB0221E6587D00ABEB6D /* Main.storyboard in Resources */ = {isa = PBXBuildFile; fileRef = 4DE1BB0021E6587D00ABEB6D /* Main.storyboard */; };
		4DE1BB0521E6587D00ABEB6D /* CenaNavidad.xcdatamodeld in Sources */ = {isa = PBXBuildFile; fileRef = 4DE1BB0321E6587D00ABEB6D /* CenaNavidad.xcdatamodeld */; };
		4DE1BB0721E6588100ABEB6D /* Assets.xcassets in Resources */ = {isa = PBXBuildFile; fileRef = 4DE1BB0621E6588100ABEB6D /* Assets.xcassets */; };
		4DE1BB0A21E6588100ABEB6D /* LaunchScreen.storyboard in Resources */ = {isa = PBXBuildFile; fileRef = 4DE1BB0821E6588100ABEB6D /* LaunchScreen.storyboard */; };
/* End PBXBuildFile section */

/* Begin PBXFileReference section */
		4DE1BAF921E6587D00ABEB6D /* CenaNavidad.app */ = {isa = PBXFileReference; explicitFileType = wrapper.application; includeInIndex = 0; path = CenaNavidad.app; sourceTree = BUILT_PRODUCTS_DIR; };
		4DE1BAFC21E6587D00ABEB6D /* AppDelegate.swift */ = {isa = PBXFileReference; lastKnownFileType = sourcecode.swift; path = AppDelegate.swift; sourceTree = "<group>"; };
		4DE1BAFE21E6587D00ABEB6D /* ViewController.swift */ = {isa = PBXFileReference; lastKnownFileType = sourcecode.swift; path = ViewController.swift; sourceTree = "<group>"; };
		4DE1BB0121E6587D00ABEB6D /* Base */ = {isa = PBXFileReference; lastKnownFileType = file.storyboard; name = Base; path = Base.lproj/Main.storyboard; sourceTree = "<group>"; };
		4DE1BB0421E6587D00ABEB6D /* CenaNavidad.xcdatamodel */ = {isa = PBXFileReference; lastKnownFileType = wrapper.xcdatamodel; path = CenaNavidad.xcdatamodel; sourceTree = "<group>"; };
		4DE1BB0621E6588100ABEB6D /* Assets.xcassets */ = {isa = PBXFileReference; lastKnownFileType = folder.assetcatalog; path = Assets.xcassets; sourceTree = "<group>"; };
		4DE1BB0921E6588100ABEB6D /* Base */ = {isa = PBXFileReference; lastKnownFileType = file.storyboard; name = Base; path = Base.lproj/LaunchScreen.storyboard; sourceTree = "<group>"; };
		4DE1BB0B21E6588100ABEB6D /* Info.plist */ = {isa = PBXFileReference; lastKnownFileType = text.plist.xml; path = Info.plist; sourceTree = "<group>"; };
/* End PBXFileReference section */

/* Begin PBXFrameworksBuildPhase section */
		4DE1BAF621E6587D00ABEB6D /* Frameworks */ = {
			isa = PBXFrameworksBuildPhase;
			buildActionMask = 2147483647;
			files = (
			);
			runOnlyForDeploymentPostprocessing = 0;
		};
/* End PBXFrameworksBuildPhase section */

/* Begin PBXGroup section */
		4DE1BAF021E6587D00ABEB6D = {
			isa = PBXGroup;
			children = (
				4DE1BAFB21E6587D00ABEB6D /* CenaNavidad */,
				4DE1BAFA21E6587D00ABEB6D /* Products */,
			);
			sourceTree = "<group>";
		};
		4DE1BAFA21E6587D00ABEB6D /* Products */ = {
			isa = PBXGroup;
			children = (
				4DE1BAF921E6587D00ABEB6D /* CenaNavidad.app */,
			);
			name = Products;
			sourceTree = "<group>";
		};
		4DE1BAFB21E6587D00ABEB6D /* CenaNavidad */ = {
			isa = PBXGroup;
			children = (
				4DE1BAFC21E6587D00ABEB6D /* AppDelegate.swift */,
				4DE1BAFE21E6587D00ABEB6D /* ViewController.swift */,
				4DE1BB0021E6587D00ABEB6D /* Main.storyboard */,
				4DE1BB0621E6588100ABEB6D /* Assets.xcassets */,
				4DE1BB0821E6588100ABEB6D /* LaunchScreen.storyboard */,
				4DE1BB0B21E6588100ABEB6D /* Info.plist */,
				4DE1BB0321E6587D00ABEB6D /* CenaNavidad.xcdatamodeld */,
			);
			path = CenaNavidad;
			sourceTree = "<group>";
		};
/* End PBXGroup section */

/* Begin PBXNativeTarget section */
		4DE1BAF821E6587D00ABEB6D /* CenaNavidad */ = {
			isa = PBXNativeTarget;
			buildConfigurationList = 4DE1BB0E21E6588100ABEB6D /* Build configuration list for PBXNativeTarget "CenaNavidad" */;
			buildPhases = (
				4DE1BAF521E6587D00ABEB6D /* Sources */,
				4DE1BAF621E6587D00ABEB6D /* Frameworks */,
				4DE1BAF721E6587D00ABEB6D /* Resources */,
			);
			buildRules = (
			);
			dependencies = (
			);
			name = CenaNavidad;
			productName = CenaNavidad;
			productReference = 4DE1BAF921E6587D00ABEB6D /* CenaNavidad.app */;
			productType = "com.apple.product-type.application";
		};
/* End PBXNativeTarget section */

/* Begin PBXProject section */
		4DE1BAF121E6587D00ABEB6D /* Project object */ = {
			isa = PBXProject;
			attributes = {
				LastSwiftUpdateCheck = 0930;
				LastUpgradeCheck = 0930;
				ORGANIZATIONNAME = "IGNACIO GALAN DE PINA";
				TargetAttributes = {
					4DE1BAF821E6587D00ABEB6D = {
						CreatedOnToolsVersion = 9.3;
					};
				};
			};
			buildConfigurationList = 4DE1BAF421E6587D00ABEB6D /* Build configuration list for PBXProject "CenaNavidad" */;
			compatibilityVersion = "Xcode 9.3";
			developmentRegion = en;
			hasScannedForEncodings = 0;
			knownRegions = (
				en,
				Base,
			);
			mainGroup = 4DE1BAF021E6587D00ABEB6D;
			productRefGroup = 4DE1BAFA21E6587D00ABEB6D /* Products */;
			projectDirPath = "";
			projectRoot = "";
			targets = (
				4DE1BAF821E6587D00ABEB6D /* CenaNavidad */,
			);
		};
/* End PBXProject section */

/* Begin PBXResourcesBuildPhase section */
		4DE1BAF721E6587D00ABEB6D /* Resources */ = {
			isa = PBXResourcesBuildPhase;
			buildActionMask = 2147483647;
			files = (
				4DE1BB0A21E6588100ABEB6D /* LaunchScreen.storyboard in Resources */,
				4DE1BB0721E6588100ABEB6D /* Assets.xcassets in Resources */,
				4DE1BB0221E6587D00ABEB6D /* Main.storyboard in Resources */,
			);
			runOnlyForDeploymentPostprocessing = 0;
		};
/* End PBXResourcesBuildPhase section */

/* Begin PBXSourcesBuildPhase section */
		4DE1BAF521E6587D00ABEB6D /* Sources */ = {
			isa = PBXSourcesBuildPhase;
			buildActionMask = 2147483647;
			files = (
				4DE1BAFF21E6587D00ABEB6D /* ViewController.swift in Sources */,
				4DE1BB0521E6587D00ABEB6D /* CenaNavidad.xcdatamodeld in Sources */,
				4DE1BAFD21E6587D00ABEB6D /* AppDelegate.swift in Sources */,
			);
			runOnlyForDeploymentPostprocessing = 0;
		};
/* End PBXSourcesBuildPhase section */

/* Begin PBXVariantGroup section */
		4DE1BB0021E6587D00ABEB6D /* Main.storyboard */ = {
			isa = PBXVariantGroup;
			children = (
				4DE1BB0121E6587D00ABEB6D /* Base */,
			);
			name = Main.storyboard;
			sourceTree = "<group>";
		};
		4DE1BB0821E6588100ABEB6D /* LaunchScreen.storyboard */ = {
			isa = PBXVariantGroup;
			children = (
				4DE1BB0921E6588100ABEB6D /* Base */,
			);
			name = LaunchScreen.storyboard;
			sourceTree = "<group>";
		};
/* End PBXVariantGroup section */

/* Begin XCBuildConfiguration section */
		4DE1BB0C21E6588100ABEB6D /* Debug */ = {
			isa = XCBuildConfiguration;
			buildSettings = {
				ALWAYS_SEARCH_USER_PATHS = NO;
				CLANG_ANALYZER_NONNULL = YES;
				CLANG_ANALYZER_NUMBER_OBJECT_CONVERSION = YES_AGGRESSIVE;
				CLANG_CXX_LANGUAGE_STANDARD = "gnu++14";
				CLANG_CXX_LIBRARY = "libc++";
				CLANG_ENABLE_MODULES = YES;
				CLANG_ENABLE_OBJC_ARC = YES;
				CLANG_ENABLE_OBJC_WEAK = YES;
				CLANG_WARN_BLOCK_CAPTURE_AUTORELEASING = YES;
				CLANG_WARN_BOOL_CONVERSION = YES;
				CLANG_WARN_COMMA = YES;
				CLANG_WARN_CONSTANT_CONVERSION = YES;
				CLANG_WARN_DEPRECATED_OBJC_IMPLEMENTATIONS = YES;
				CLANG_WARN_DIRECT_OBJC_ISA_USAGE = YES_ERROR;
				CLANG_WARN_DOCUMENTATION_COMMENTS = YES;
				CLANG_WARN_EMPTY_BODY = YES;
				CLANG_WARN_ENUM_CONVERSION = YES;
				CLANG_WARN_INFINITE_RECURSION = YES;
				CLANG_WARN_INT_CONVERSION = YES;
				CLANG_WARN_NON_LITERAL_NULL_CONVERSION = YES;
				CLANG_WARN_OBJC_IMPLICIT_RETAIN_SELF = YES;
				CLANG_WARN_OBJC_LITERAL_CONVERSION = YES;
				CLANG_WARN_OBJC_ROOT_CLASS = YES_ERROR;
				CLANG_WARN_RANGE_LOOP_ANALYSIS = YES;
				CLANG_WARN_STRICT_PROTOTYPES = YES;
				CLANG_WARN_SUSPICIOUS_MOVE = YES;
				CLANG_WARN_UNGUARDED_AVAILABILITY = YES_AGGRESSIVE;
				CLANG_WARN_UNREACHABLE_CODE = YES;
				CLANG_WARN__DUPLICATE_METHOD_MATCH = YES;
				CODE_SIGN_IDENTITY = "iPhone Developer";
				COPY_PHASE_STRIP = NO;
				DEBUG_INFORMATION_FORMAT = dwarf;
				ENABLE_STRICT_OBJC_MSGSEND = YES;
				ENABLE_TESTABILITY = YES;
				GCC_C_LANGUAGE_STANDARD = gnu11;
				GCC_DYNAMIC_NO_PIC = NO;
				GCC_NO_COMMON_BLOCKS = YES;
				GCC_OPTIMIZATION_LEVEL = 0;
				GCC_PREPROCESSOR_DEFINITIONS = (
					"DEBUG=1",
					"$(inherited)",
				);
				GCC_WARN_64_TO_32_BIT_CONVERSION = YES;
				GCC_WARN_ABOUT_RETURN_TYPE = YES_ERROR;
				GCC_WARN_UNDECLARED_SELECTOR = YES;
				GCC_WARN_UNINITIALIZED_AUTOS = YES_AGGRESSIVE;
				GCC_WARN_UNUSED_FUNCTION = YES;
				GCC_WARN_UNUSED_VARIABLE = YES;
				IPHONEOS_DEPLOYMENT_TARGET = 11.3;
				MTL_ENABLE_DEBUG_INFO = YES;
				ONLY_ACTIVE_ARCH = YES;
				SDKROOT = iphoneos;
				SWIFT_ACTIVE_COMPILATION_CONDITIONS = DEBUG;
				SWIFT_OPTIMIZATION_LEVEL = "-Onone";
			};
			name = Debug;
		};
		4DE1BB0D21E6588100ABEB6D /* Release */ = {
			isa = XCBuildConfiguration;
			buildSettings = {
				ALWAYS_SEARCH_USER_PATHS = NO;
				CLANG_ANALYZER_NONNULL = YES;
				CLANG_ANALYZER_NUMBER_OBJECT_CONVERSION = YES_AGGRESSIVE;
				CLANG_CXX_LANGUAGE_STANDARD = "gnu++14";
				CLANG_CXX_LIBRARY = "libc++";
				CLANG_ENABLE_MODULES = YES;
				CLANG_ENABLE_OBJC_ARC = YES;
				CLANG_ENABLE_OBJC_WEAK = YES;
				CLANG_WARN_BLOCK_CAPTURE_AUTORELEASING = YES;
				CLANG_WARN_BOOL_CONVERSION = YES;
				CLANG_WARN_COMMA = YES;
				CLANG_WARN_CONSTANT_CONVERSION = YES;
				CLANG_WARN_DEPRECATED_OBJC_IMPLEMENTATIONS = YES;
				CLANG_WARN_DIRECT_OBJC_ISA_USAGE = YES_ERROR;
				CLANG_WARN_DOCUMENTATION_COMMENTS = YES;
				CLANG_WARN_EMPTY_BODY = YES;
				CLANG_WARN_ENUM_CONVERSION = YES;
				CLANG_WARN_INFINITE_RECURSION = YES;
				CLANG_WARN_INT_CONVERSION = YES;
				CLANG_WARN_NON_LITERAL_NULL_CONVERSION = YES;
				CLANG_WARN_OBJC_IMPLICIT_RETAIN_SELF = YES;
				CLANG_WARN_OBJC_LITERAL_CONVERSION = YES;
				CLANG_WARN_OBJC_ROOT_CLASS = YES_ERROR;
				CLANG_WARN_RANGE_LOOP_ANALYSIS = YES;
				CLANG_WARN_STRICT_PROTOTYPES = YES;
				CLANG_WARN_SUSPICIOUS_MOVE = YES;
				CLANG_WARN_UNGUARDED_AVAILABILITY = YES_AGGRESSIVE;
				CLANG_WARN_UNREACHABLE_CODE = YES;
				CLANG_WARN__DUPLICATE_METHOD_MATCH = YES;
				CODE_SIGN_IDENTITY = "iPhone Developer";
				COPY_PHASE_STRIP = NO;
				DEBUG_INFORMATION_FORMAT = "dwarf-with-dsym";
				ENABLE_NS_ASSERTIONS = NO;
				ENABLE_STRICT_OBJC_MSGSEND = YES;
				GCC_C_LANGUAGE_STANDARD = gnu11;
				GCC_NO_COMMON_BLOCKS = YES;
				GCC_WARN_64_TO_32_BIT_CONVERSION = YES;
				GCC_WARN_ABOUT_RETURN_TYPE = YES_ERROR;
				GCC_WARN_UNDECLARED_SELECTOR = YES;
				GCC_WARN_UNINITIALIZED_AUTOS = YES_AGGRESSIVE;
				GCC_WARN_UNUSED_FUNCTION = YES;
				GCC_WARN_UNUSED_VARIABLE = YES;
				IPHONEOS_DEPLOYMENT_TARGET = 11.3;
				MTL_ENABLE_DEBUG_INFO = NO;
				SDKROOT = iphoneos;
				SWIFT_COMPILATION_MODE = wholemodule;
				SWIFT_OPTIMIZATION_LEVEL = "-O";
				VALIDATE_PRODUCT = YES;
			};
			name = Release;
		};
		4DE1BB0F21E6588100ABEB6D /* Debug */ = {
			isa = XCBuildConfiguration;
			buildSettings = {
				ASSETCATALOG_COMPILER_APPICON_NAME = AppIcon;
				CODE_SIGN_STYLE = Automatic;
				DEVELOPMENT_TEAM = NF2345VHG6;
				INFOPLIST_FILE = CenaNavidad/Info.plist;
				LD_RUNPATH_SEARCH_PATHS = (
					"$(inherited)",
					"@executable_path/Frameworks",
				);
				PRODUCT_BUNDLE_IDENTIFIER = IGP.utad.CenaNavidad;
				PRODUCT_NAME = "$(TARGET_NAME)";
				SWIFT_VERSION = 4.0;
				TARGETED_DEVICE_FAMILY = "1,2";
			};
			name = Debug;
		};
		4DE1BB1021E6588100ABEB6D /* Release */ = {
			isa = XCBuildConfiguration;
			buildSettings = {
				ASSETCATALOG_COMPILER_APPICON_NAME = AppIcon;
				CODE_SIGN_STYLE = Automatic;
				DEVELOPMENT_TEAM = NF2345VHG6;
				INFOPLIST_FILE = CenaNavidad/Info.plist;
				LD_RUNPATH_SEARCH_PATHS = (
					"$(inherited)",
					"@executable_path/Frameworks",
				);
				PRODUCT_BUNDLE_IDENTIFIER = IGP.utad.CenaNavidad;
				PRODUCT_NAME = "$(TARGET_NAME)";
				SWIFT_VERSION = 4.0;
				TARGETED_DEVICE_FAMILY = "1,2";
			};
			name = Release;
		};
/* End XCBuildConfiguration section */

/* Begin XCConfigurationList section */
		4DE1BAF421E6587D00ABEB6D /* Build configuration list for PBXProject "CenaNavidad" */ = {
			isa = XCConfigurationList;
			buildConfigurations = (
				4DE1BB0C21E6588100ABEB6D /* Debug */,
				4DE1BB0D21E6588100ABEB6D /* Release */,
			);
			defaultConfigurationIsVisible = 0;
			defaultConfigurationName = Release;
		};
		4DE1BB0E21E6588100ABEB6D /* Build configuration list for PBXNativeTarget "CenaNavidad" */ = {
			isa = XCConfigurationList;
			buildConfigurations = (
				4DE1BB0F21E6588100ABEB6D /* Debug */,
				4DE1BB1021E6588100ABEB6D /* Release */,
			);
			defaultConfigurationIsVisible = 0;
			defaultConfigurationName = Release;
		};
/* End XCConfigurationList section */

/* Begin XCVersionGroup section */
		4DE1BB0321E6587D00ABEB6D /* CenaNavidad.xcdatamodeld */ = {
			isa = XCVersionGroup;
			children = (
				4DE1BB0421E6587D00ABEB6D /* CenaNavidad.xcdatamodel */,
			);
			currentVersion = 4DE1BB0421E6587D00ABEB6D /* CenaNavidad.xcdatamodel */;
			path = CenaNavidad.xcdatamodeld;
			sourceTree = "<group>";
			versionGroupType = wrapper.xcdatamodel;
		};
/* End XCVersionGroup section */
	};
	rootObject = 4DE1BAF121E6587D00ABEB6D /* Project object */;
}
